
Microsoft Visual Studio Solution File, Format Version 12.00
# Visual Studio Version 16
VisualStudioVersion = 16.0.30907.101
MinimumVisualStudioVersion = 10.0.40219.1
Project("{FAE04EC0-301F-11D3-BF4B-00C04F79EFBC}") = "UkenGamesCSharpTest", "UkenGamesCSharpTest\UkenGamesCSharpTest.csproj", "{5DEA8041-D460-4981-8D33-DA70B218633E}"
EndProject
Global
	GlobalSection(SolutionConfigurationPlatforms) = preSolution
		Debug|Any CPU = Debug|Any CPU
		Release|Any CPU = Release|Any CPU
	EndGlobalSection
	GlobalSection(ProjectConfigurationPlatforms) = postSolution
		{5DEA8041-D460-4981-8D33-DA70B218633E}.Debug|Any CPU.ActiveCfg = Debug|Any CPU
		{5DEA8041-D460-4981-8D33-DA70B218633E}.Debug|Any CPU.Build.0 = Debug|Any CPU
		{5DEA8041-D460-4981-8D33-DA70B218633E}.Release|Any CPU.ActiveCfg = Release|Any CPU
		{5DEA8041-D460-4981-8D33-DA70B218633E}.Release|Any CPU.Build.0 = Release|Any CPU
	EndGlobalSection
	GlobalSection(SolutionProperties) = preSolution
		HideSolutionNode = FALSE
	EndGlobalSection
	GlobalSection(ExtensibilityGlobals) = postSolution
		SolutionGuid = {FC061501-A2D7-4D6B-A939-1AF795154E3C}
	EndGlobalSection
EndGlobal
